
Microsoft Visual Studio Solution File, Format Version 12.00
# Visual Studio 15
VisualStudioVersion = 15.0.26403.7
MinimumVisualStudioVersion = 10.0.40219.1
Project("{FAE04EC0-301F-11D3-BF4B-00C04F79EFBC}") = "HelloWorldApp", "HelloWorldApp\HelloWorldApp.csproj", "{F5138C63-D6E8-4837-B641-0E05F128D98E}"
EndProject
Project("{FAE04EC0-301F-11D3-BF4B-00C04F79EFBC}") = "VariableSample", "VariableSample\VariableSample.csproj", "{295FE3ED-7BF2-4B4E-A33A-A128D4EF60E5}"
EndProject
Project("{FAE04EC0-301F-11D3-BF4B-00C04F79EFBC}") = "StringSample", "StringSample\StringSample.csproj", "{06658DEC-FBCD-437B-8EF3-7C5FAC5A2B50}"
EndProject
Project("{FAE04EC0-301F-11D3-BF4B-00C04F79EFBC}") = "IfStatement", "IfStatement\IfStatement.csproj", "{22B406A9-8FDA-4B40-AA7E-98775D8A536A}"
EndProject
Project("{FAE04EC0-301F-11D3-BF4B-00C04F79EFBC}") = "EnumerationSample", "EnumerationSample\EnumerationSample.csproj", "{9C6D6B6F-7BDA-4C76-BC6D-16170A81747D}"
EndProject
Global
	GlobalSection(SolutionConfigurationPlatforms) = preSolution
		Debug|Any CPU = Debug|Any CPU
		Release|Any CPU = Release|Any CPU
	EndGlobalSection
	GlobalSection(ProjectConfigurationPlatforms) = postSolution
		{F5138C63-D6E8-4837-B641-0E05F128D98E}.Debug|Any CPU.ActiveCfg = Debug|Any CPU
		{F5138C63-D6E8-4837-B641-0E05F128D98E}.Debug|Any CPU.Build.0 = Debug|Any CPU
		{F5138C63-D6E8-4837-B641-0E05F128D98E}.Release|Any CPU.ActiveCfg = Release|Any CPU
		{F5138C63-D6E8-4837-B641-0E05F128D98E}.Release|Any CPU.Build.0 = Release|Any CPU
		{295FE3ED-7BF2-4B4E-A33A-A128D4EF60E5}.Debug|Any CPU.ActiveCfg = Debug|Any CPU
		{295FE3ED-7BF2-4B4E-A33A-A128D4EF60E5}.Debug|Any CPU.Build.0 = Debug|Any CPU
		{295FE3ED-7BF2-4B4E-A33A-A128D4EF60E5}.Release|Any CPU.ActiveCfg = Release|Any CPU
		{295FE3ED-7BF2-4B4E-A33A-A128D4EF60E5}.Release|Any CPU.Build.0 = Release|Any CPU
		{06658DEC-FBCD-437B-8EF3-7C5FAC5A2B50}.Debug|Any CPU.ActiveCfg = Debug|Any CPU
		{06658DEC-FBCD-437B-8EF3-7C5FAC5A2B50}.Debug|Any CPU.Build.0 = Debug|Any CPU
		{06658DEC-FBCD-437B-8EF3-7C5FAC5A2B50}.Release|Any CPU.ActiveCfg = Release|Any CPU
		{06658DEC-FBCD-437B-8EF3-7C5FAC5A2B50}.Release|Any CPU.Build.0 = Release|Any CPU
		{22B406A9-8FDA-4B40-AA7E-98775D8A536A}.Debug|Any CPU.ActiveCfg = Debug|Any CPU
		{22B406A9-8FDA-4B40-AA7E-98775D8A536A}.Debug|Any CPU.Build.0 = Debug|Any CPU
		{22B406A9-8FDA-4B40-AA7E-98775D8A536A}.Release|Any CPU.ActiveCfg = Release|Any CPU
		{22B406A9-8FDA-4B40-AA7E-98775D8A536A}.Release|Any CPU.Build.0 = Release|Any CPU
		{9C6D6B6F-7BDA-4C76-BC6D-16170A81747D}.Debug|Any CPU.ActiveCfg = Debug|Any CPU
		{9C6D6B6F-7BDA-4C76-BC6D-16170A81747D}.Debug|Any CPU.Build.0 = Debug|Any CPU
		{9C6D6B6F-7BDA-4C76-BC6D-16170A81747D}.Release|Any CPU.ActiveCfg = Release|Any CPU
		{9C6D6B6F-7BDA-4C76-BC6D-16170A81747D}.Release|Any CPU.Build.0 = Release|Any CPU
	EndGlobalSection
	GlobalSection(SolutionProperties) = preSolution
		HideSolutionNode = FALSE
	EndGlobalSection
EndGlobal
